
Microsoft Visual Studio Solution File, Format Version 12.00
# Visual Studio Version 17
VisualStudioVersion = 17.2.32519.379
MinimumVisualStudioVersion = 10.0.40219.1
Project("{FAE04EC0-301F-11D3-BF4B-00C04F79EFBC}") = "ConsoleApp4", "ConsoleApp4\ConsoleApp4.csproj", "{D272B100-1BBC-4D03-BA39-FCA15006A719}"
EndProject
Global
	GlobalSection(SolutionConfigurationPlatforms) = preSolution
		Debug|Any CPU = Debug|Any CPU
		Release|Any CPU = Release|Any CPU
	EndGlobalSection
	GlobalSection(ProjectConfigurationPlatforms) = postSolution
		{D272B100-1BBC-4D03-BA39-FCA15006A719}.Debug|Any CPU.ActiveCfg = Debug|Any CPU
		{D272B100-1BBC-4D03-BA39-FCA15006A719}.Debug|Any CPU.Build.0 = Debug|Any CPU
		{D272B100-1BBC-4D03-BA39-FCA15006A719}.Release|Any CPU.ActiveCfg = Release|Any CPU
		{D272B100-1BBC-4D03-BA39-FCA15006A719}.Release|Any CPU.Build.0 = Release|Any CPU
	EndGlobalSection
	GlobalSection(SolutionProperties) = preSolution
		HideSolutionNode = FALSE
	EndGlobalSection
	GlobalSection(ExtensibilityGlobals) = postSolution
		SolutionGuid = {D3BA1AF2-8C82-479B-8082-0179DF616D1A}
	EndGlobalSection
EndGlobal
